
Microsoft Visual Studio Solution File, Format Version 12.00
# Visual Studio Version 16
VisualStudioVersion = 16.0.31321.278
MinimumVisualStudioVersion = 10.0.40219.1
Project("{FAE04EC0-301F-11D3-BF4B-00C04F79EFBC}") = "Timer_FormKamp", "Timer_FormKamp\Timer_FormKamp.csproj", "{A580DDA1-1B6A-407B-AE62-13B44A50E9B9}"
EndProject
Global
	GlobalSection(SolutionConfigurationPlatforms) = preSolution
		Debug|Any CPU = Debug|Any CPU
		Release|Any CPU = Release|Any CPU
	EndGlobalSection
	GlobalSection(ProjectConfigurationPlatforms) = postSolution
		{A580DDA1-1B6A-407B-AE62-13B44A50E9B9}.Debug|Any CPU.ActiveCfg = Debug|Any CPU
		{A580DDA1-1B6A-407B-AE62-13B44A50E9B9}.Debug|Any CPU.Build.0 = Debug|Any CPU
		{A580DDA1-1B6A-407B-AE62-13B44A50E9B9}.Release|Any CPU.ActiveCfg = Release|Any CPU
		{A580DDA1-1B6A-407B-AE62-13B44A50E9B9}.Release|Any CPU.Build.0 = Release|Any CPU
	EndGlobalSection
	GlobalSection(SolutionProperties) = preSolution
		HideSolutionNode = FALSE
	EndGlobalSection
	GlobalSection(ExtensibilityGlobals) = postSolution
		SolutionGuid = {B2496359-EA73-4601-B034-E8E7A95925C3}
	EndGlobalSection
EndGlobal
